
Microsoft Visual Studio Solution File, Format Version 12.00
# Visual Studio 14
VisualStudioVersion = 14.0.25420.1
MinimumVisualStudioVersion = 10.0.40219.1
Project("{FAE04EC0-301F-11D3-BF4B-00C04F79EFBC}") = "YGODuelManager", "YGODuelManager\YGODuelManager.csproj", "{4F33BB0B-6429-488F-AB5B-41C89169F06A}"
EndProject
Project("{FAE04EC0-301F-11D3-BF4B-00C04F79EFBC}") = "YGOSharp.Network", "YGOSharp.Network\YGOSharp.Network.csproj", "{6086FE8A-07CD-4720-A024-6AEC05E93762}"
EndProject
Global
	GlobalSection(SolutionConfigurationPlatforms) = preSolution
		Debug|Any CPU = Debug|Any CPU
		Release|Any CPU = Release|Any CPU
	EndGlobalSection
	GlobalSection(ProjectConfigurationPlatforms) = postSolution
		{4F33BB0B-6429-488F-AB5B-41C89169F06A}.Debug|Any CPU.ActiveCfg = Debug|Any CPU
		{4F33BB0B-6429-488F-AB5B-41C89169F06A}.Debug|Any CPU.Build.0 = Debug|Any CPU
		{4F33BB0B-6429-488F-AB5B-41C89169F06A}.Release|Any CPU.ActiveCfg = Release|Any CPU
		{4F33BB0B-6429-488F-AB5B-41C89169F06A}.Release|Any CPU.Build.0 = Release|Any CPU
		{6086FE8A-07CD-4720-A024-6AEC05E93762}.Debug|Any CPU.ActiveCfg = Debug|Any CPU
		{6086FE8A-07CD-4720-A024-6AEC05E93762}.Debug|Any CPU.Build.0 = Debug|Any CPU
		{6086FE8A-07CD-4720-A024-6AEC05E93762}.Release|Any CPU.ActiveCfg = Release|Any CPU
		{6086FE8A-07CD-4720-A024-6AEC05E93762}.Release|Any CPU.Build.0 = Release|Any CPU
	EndGlobalSection
	GlobalSection(SolutionProperties) = preSolution
		HideSolutionNode = FALSE
	EndGlobalSection
EndGlobal
